// !$*UTF8*$!
{
	archiveVersion = 1;
	classes = {
	};
	objectVersion = 50;
	objects = {

/* Begin PBXBuildFile section */
		6BAF1326274B8E8500B3DBA4 /* AppDelegate.swift in Sources */ = {isa = PBXBuildFile; fileRef = 6BAF1325274B8E8500B3DBA4 /* AppDelegate.swift */; };
		6BAF1328274B8E8500B3DBA4 /* SceneDelegate.swift in Sources */ = {isa = PBXBuildFile; fileRef = 6BAF1327274B8E8500B3DBA4 /* SceneDelegate.swift */; };
		6BAF132A274B8E8500B3DBA4 /* ViewController.swift in Sources */ = {isa = PBXBuildFile; fileRef = 6BAF1329274B8E8500B3DBA4 /* ViewController.swift */; };
		6BAF132D274B8E8500B3DBA4 /* Main.storyboard in Resources */ = {isa = PBXBuildFile; fileRef = 6BAF132B274B8E8500B3DBA4 /* Main.storyboard */; };
		6BAF132F274B8E8A00B3DBA4 /* Assets.xcassets in Resources */ = {isa = PBXBuildFile; fileRef = 6BAF132E274B8E8A00B3DBA4 /* Assets.xcassets */; };
		6BAF1332274B8E8A00B3DBA4 /* LaunchScreen.storyboard in Resources */ = {isa = PBXBuildFile; fileRef = 6BAF1330274B8E8A00B3DBA4 /* LaunchScreen.storyboard */; };
		6BAF133D274B8E8A00B3DBA4 /* AbhaySoniTests.swift in Sources */ = {isa = PBXBuildFile; fileRef = 6BAF133C274B8E8A00B3DBA4 /* AbhaySoniTests.swift */; };
		6BAF1348274B8E8A00B3DBA4 /* AbhaySoniUITests.swift in Sources */ = {isa = PBXBuildFile; fileRef = 6BAF1347274B8E8A00B3DBA4 /* AbhaySoniUITests.swift */; };
/* End PBXBuildFile section */

/* Begin PBXContainerItemProxy section */
		6BAF1339274B8E8A00B3DBA4 /* PBXContainerItemProxy */ = {
			isa = PBXContainerItemProxy;
			containerPortal = 6BAF131A274B8E8400B3DBA4 /* Project object */;
			proxyType = 1;
			remoteGlobalIDString = 6BAF1321274B8E8400B3DBA4;
			remoteInfo = AbhaySoni;
		};
		6BAF1344274B8E8A00B3DBA4 /* PBXContainerItemProxy */ = {
			isa = PBXContainerItemProxy;
			containerPortal = 6BAF131A274B8E8400B3DBA4 /* Project object */;
			proxyType = 1;
			remoteGlobalIDString = 6BAF1321274B8E8400B3DBA4;
			remoteInfo = AbhaySoni;
		};
/* End PBXContainerItemProxy section */

/* Begin PBXFileReference section */
		6BAF1322274B8E8500B3DBA4 /* AbhaySoni.app */ = {isa = PBXFileReference; explicitFileType = wrapper.application; includeInIndex = 0; path = AbhaySoni.app; sourceTree = BUILT_PRODUCTS_DIR; };
		6BAF1325274B8E8500B3DBA4 /* AppDelegate.swift */ = {isa = PBXFileReference; lastKnownFileType = sourcecode.swift; path = AppDelegate.swift; sourceTree = "<group>"; };
		6BAF1327274B8E8500B3DBA4 /* SceneDelegate.swift */ = {isa = PBXFileReference; lastKnownFileType = sourcecode.swift; path = SceneDelegate.swift; sourceTree = "<group>"; };
		6BAF1329274B8E8500B3DBA4 /* ViewController.swift */ = {isa = PBXFileReference; lastKnownFileType = sourcecode.swift; path = ViewController.swift; sourceTree = "<group>"; };
		6BAF132C274B8E8500B3DBA4 /* Base */ = {isa = PBXFileReference; lastKnownFileType = file.storyboard; name = Base; path = Base.lproj/Main.storyboard; sourceTree = "<group>"; };
		6BAF132E274B8E8A00B3DBA4 /* Assets.xcassets */ = {isa = PBXFileReference; lastKnownFileType = folder.assetcatalog; path = Assets.xcassets; sourceTree = "<group>"; };
		6BAF1331274B8E8A00B3DBA4 /* Base */ = {isa = PBXFileReference; lastKnownFileType = file.storyboard; name = Base; path = Base.lproj/LaunchScreen.storyboard; sourceTree = "<group>"; };
		6BAF1333274B8E8A00B3DBA4 /* Info.plist */ = {isa = PBXFileReference; lastKnownFileType = text.plist.xml; path = Info.plist; sourceTree = "<group>"; };
		6BAF1338274B8E8A00B3DBA4 /* AbhaySoniTests.xctest */ = {isa = PBXFileReference; explicitFileType = wrapper.cfbundle; includeInIndex = 0; path = AbhaySoniTests.xctest; sourceTree = BUILT_PRODUCTS_DIR; };
		6BAF133C274B8E8A00B3DBA4 /* AbhaySoniTests.swift */ = {isa = PBXFileReference; lastKnownFileType = sourcecode.swift; path = AbhaySoniTests.swift; sourceTree = "<group>"; };
		6BAF133E274B8E8A00B3DBA4 /* Info.plist */ = {isa = PBXFileReference; lastKnownFileType = text.plist.xml; path = Info.plist; sourceTree = "<group>"; };
		6BAF1343274B8E8A00B3DBA4 /* AbhaySoniUITests.xctest */ = {isa = PBXFileReference; explicitFileType = wrapper.cfbundle; includeInIndex = 0; path = AbhaySoniUITests.xctest; sourceTree = BUILT_PRODUCTS_DIR; };
		6BAF1347274B8E8A00B3DBA4 /* AbhaySoniUITests.swift */ = {isa = PBXFileReference; lastKnownFileType = sourcecode.swift; path = AbhaySoniUITests.swift; sourceTree = "<group>"; };
		6BAF1349274B8E8A00B3DBA4 /* Info.plist */ = {isa = PBXFileReference; lastKnownFileType = text.plist.xml; path = Info.plist; sourceTree = "<group>"; };
/* End PBXFileReference section */

/* Begin PBXFrameworksBuildPhase section */
		6BAF131F274B8E8400B3DBA4 /* Frameworks */ = {
			isa = PBXFrameworksBuildPhase;
			buildActionMask = 2147483647;
			files = (
			);
			runOnlyForDeploymentPostprocessing = 0;
		};
		6BAF1335274B8E8A00B3DBA4 /* Frameworks */ = {
			isa = PBXFrameworksBuildPhase;
			buildActionMask = 2147483647;
			files = (
			);
			runOnlyForDeploymentPostprocessing = 0;
		};
		6BAF1340274B8E8A00B3DBA4 /* Frameworks */ = {
			isa = PBXFrameworksBuildPhase;
			buildActionMask = 2147483647;
			files = (
			);
			runOnlyForDeploymentPostprocessing = 0;
		};
/* End PBXFrameworksBuildPhase section */

/* Begin PBXGroup section */
		6BAF1319274B8E8400B3DBA4 = {
			isa = PBXGroup;
			children = (
				6BAF1324274B8E8500B3DBA4 /* AbhaySoni */,
				6BAF133B274B8E8A00B3DBA4 /* AbhaySoniTests */,
				6BAF1346274B8E8A00B3DBA4 /* AbhaySoniUITests */,
				6BAF1323274B8E8500B3DBA4 /* Products */,
			);
			sourceTree = "<group>";
		};
		6BAF1323274B8E8500B3DBA4 /* Products */ = {
			isa = PBXGroup;
			children = (
				6BAF1322274B8E8500B3DBA4 /* AbhaySoni.app */,
				6BAF1338274B8E8A00B3DBA4 /* AbhaySoniTests.xctest */,
				6BAF1343274B8E8A00B3DBA4 /* AbhaySoniUITests.xctest */,
			);
			name = Products;
			sourceTree = "<group>";
		};
		6BAF1324274B8E8500B3DBA4 /* AbhaySoni */ = {
			isa = PBXGroup;
			children = (
				6BAF1325274B8E8500B3DBA4 /* AppDelegate.swift */,
				6BAF1327274B8E8500B3DBA4 /* SceneDelegate.swift */,
				6BAF1329274B8E8500B3DBA4 /* ViewController.swift */,
				6BAF132B274B8E8500B3DBA4 /* Main.storyboard */,
				6BAF132E274B8E8A00B3DBA4 /* Assets.xcassets */,
				6BAF1330274B8E8A00B3DBA4 /* LaunchScreen.storyboard */,
				6BAF1333274B8E8A00B3DBA4 /* Info.plist */,
			);
			path = AbhaySoni;
			sourceTree = "<group>";
		};
		6BAF133B274B8E8A00B3DBA4 /* AbhaySoniTests */ = {
			isa = PBXGroup;
			children = (
				6BAF133C274B8E8A00B3DBA4 /* AbhaySoniTests.swift */,
				6BAF133E274B8E8A00B3DBA4 /* Info.plist */,
			);
			path = AbhaySoniTests;
			sourceTree = "<group>";
		};
		6BAF1346274B8E8A00B3DBA4 /* AbhaySoniUITests */ = {
			isa = PBXGroup;
			children = (
				6BAF1347274B8E8A00B3DBA4 /* AbhaySoniUITests.swift */,
				6BAF1349274B8E8A00B3DBA4 /* Info.plist */,
			);
			path = AbhaySoniUITests;
			sourceTree = "<group>";
		};
/* End PBXGroup section */

/* Begin PBXNativeTarget section */
		6BAF1321274B8E8400B3DBA4 /* AbhaySoni */ = {
			isa = PBXNativeTarget;
			buildConfigurationList = 6BAF134C274B8E8A00B3DBA4 /* Build configuration list for PBXNativeTarget "AbhaySoni" */;
			buildPhases = (
				6BAF131E274B8E8400B3DBA4 /* Sources */,
				6BAF131F274B8E8400B3DBA4 /* Frameworks */,
				6BAF1320274B8E8400B3DBA4 /* Resources */,
			);
			buildRules = (
			);
			dependencies = (
			);
			name = AbhaySoni;
			productName = AbhaySoni;
			productReference = 6BAF1322274B8E8500B3DBA4 /* AbhaySoni.app */;
			productType = "com.apple.product-type.application";
		};
		6BAF1337274B8E8A00B3DBA4 /* AbhaySoniTests */ = {
			isa = PBXNativeTarget;
			buildConfigurationList = 6BAF134F274B8E8A00B3DBA4 /* Build configuration list for PBXNativeTarget "AbhaySoniTests" */;
			buildPhases = (
				6BAF1334274B8E8A00B3DBA4 /* Sources */,
				6BAF1335274B8E8A00B3DBA4 /* Frameworks */,
				6BAF1336274B8E8A00B3DBA4 /* Resources */,
			);
			buildRules = (
			);
			dependencies = (
				6BAF133A274B8E8A00B3DBA4 /* PBXTargetDependency */,
			);
			name = AbhaySoniTests;
			productName = AbhaySoniTests;
			productReference = 6BAF1338274B8E8A00B3DBA4 /* AbhaySoniTests.xctest */;
			productType = "com.apple.product-type.bundle.unit-test";
		};
		6BAF1342274B8E8A00B3DBA4 /* AbhaySoniUITests */ = {
			isa = PBXNativeTarget;
			buildConfigurationList = 6BAF1352274B8E8A00B3DBA4 /* Build configuration list for PBXNativeTarget "AbhaySoniUITests" */;
			buildPhases = (
				6BAF133F274B8E8A00B3DBA4 /* Sources */,
				6BAF1340274B8E8A00B3DBA4 /* Frameworks */,
				6BAF1341274B8E8A00B3DBA4 /* Resources */,
			);
			buildRules = (
			);
			dependencies = (
				6BAF1345274B8E8A00B3DBA4 /* PBXTargetDependency */,
			);
			name = AbhaySoniUITests;
			productName = AbhaySoniUITests;
			productReference = 6BAF1343274B8E8A00B3DBA4 /* AbhaySoniUITests.xctest */;
			productType = "com.apple.product-type.bundle.ui-testing";
		};
/* End PBXNativeTarget section */

/* Begin PBXProject section */
		6BAF131A274B8E8400B3DBA4 /* Project object */ = {
			isa = PBXProject;
			attributes = {
				LastSwiftUpdateCheck = 1230;
				LastUpgradeCheck = 1230;
				TargetAttributes = {
					6BAF1321274B8E8400B3DBA4 = {
						CreatedOnToolsVersion = 12.3;
					};
					6BAF1337274B8E8A00B3DBA4 = {
						CreatedOnToolsVersion = 12.3;
						TestTargetID = 6BAF1321274B8E8400B3DBA4;
					};
					6BAF1342274B8E8A00B3DBA4 = {
						CreatedOnToolsVersion = 12.3;
						TestTargetID = 6BAF1321274B8E8400B3DBA4;
					};
				};
			};
			buildConfigurationList = 6BAF131D274B8E8400B3DBA4 /* Build configuration list for PBXProject "AbhaySoni" */;
			compatibilityVersion = "Xcode 9.3";
			developmentRegion = en;
			hasScannedForEncodings = 0;
			knownRegions = (
				en,
				Base,
			);
			mainGroup = 6BAF1319274B8E8400B3DBA4;
			productRefGroup = 6BAF1323274B8E8500B3DBA4 /* Products */;
			projectDirPath = "";
			projectRoot = "";
			targets = (
				6BAF1321274B8E8400B3DBA4 /* AbhaySoni */,
				6BAF1337274B8E8A00B3DBA4 /* AbhaySoniTests */,
				6BAF1342274B8E8A00B3DBA4 /* AbhaySoniUITests */,
			);
		};
/* End PBXProject section */

/* Begin PBXResourcesBuildPhase section */
		6BAF1320274B8E8400B3DBA4 /* Resources */ = {
			isa = PBXResourcesBuildPhase;
			buildActionMask = 2147483647;
			files = (
				6BAF1332274B8E8A00B3DBA4 /* LaunchScreen.storyboard in Resources */,
				6BAF132F274B8E8A00B3DBA4 /* Assets.xcassets in Resources */,
				6BAF132D274B8E8500B3DBA4 /* Main.storyboard in Resources */,
			);
			runOnlyForDeploymentPostprocessing = 0;
		};
		6BAF1336274B8E8A00B3DBA4 /* Resources */ = {
			isa = PBXResourcesBuildPhase;
			buildActionMask = 2147483647;
			files = (
			);
			runOnlyForDeploymentPostprocessing = 0;
		};
		6BAF1341274B8E8A00B3DBA4 /* Resources */ = {
			isa = PBXResourcesBuildPhase;
			buildActionMask = 2147483647;
			files = (
			);
			runOnlyForDeploymentPostprocessing = 0;
		};
/* End PBXResourcesBuildPhase section */

/* Begin PBXSourcesBuildPhase section */
		6BAF131E274B8E8400B3DBA4 /* Sources */ = {
			isa = PBXSourcesBuildPhase;
			buildActionMask = 2147483647;
			files = (
				6BAF132A274B8E8500B3DBA4 /* ViewController.swift in Sources */,
				6BAF1326274B8E8500B3DBA4 /* AppDelegate.swift in Sources */,
				6BAF1328274B8E8500B3DBA4 /* SceneDelegate.swift in Sources */,
			);
			runOnlyForDeploymentPostprocessing = 0;
		};
		6BAF1334274B8E8A00B3DBA4 /* Sources */ = {
			isa = PBXSourcesBuildPhase;
			buildActionMask = 2147483647;
			files = (
				6BAF133D274B8E8A00B3DBA4 /* AbhaySoniTests.swift in Sources */,
			);
			runOnlyForDeploymentPostprocessing = 0;
		};
		6BAF133F274B8E8A00B3DBA4 /* Sources */ = {
			isa = PBXSourcesBuildPhase;
			buildActionMask = 2147483647;
			files = (
				6BAF1348274B8E8A00B3DBA4 /* AbhaySoniUITests.swift in Sources */,
			);
			runOnlyForDeploymentPostprocessing = 0;
		};
/* End PBXSourcesBuildPhase section */

/* Begin PBXTargetDependency section */
		6BAF133A274B8E8A00B3DBA4 /* PBXTargetDependency */ = {
			isa = PBXTargetDependency;
			target = 6BAF1321274B8E8400B3DBA4 /* AbhaySoni */;
			targetProxy = 6BAF1339274B8E8A00B3DBA4 /* PBXContainerItemProxy */;
		};
		6BAF1345274B8E8A00B3DBA4 /* PBXTargetDependency */ = {
			isa = PBXTargetDependency;
			target = 6BAF1321274B8E8400B3DBA4 /* AbhaySoni */;
			targetProxy = 6BAF1344274B8E8A00B3DBA4 /* PBXContainerItemProxy */;
		};
/* End PBXTargetDependency section */

/* Begin PBXVariantGroup section */
		6BAF132B274B8E8500B3DBA4 /* Main.storyboard */ = {
			isa = PBXVariantGroup;
			children = (
				6BAF132C274B8E8500B3DBA4 /* Base */,
			);
			name = Main.storyboard;
			sourceTree = "<group>";
		};
		6BAF1330274B8E8A00B3DBA4 /* LaunchScreen.storyboard */ = {
			isa = PBXVariantGroup;
			children = (
				6BAF1331274B8E8A00B3DBA4 /* Base */,
			);
			name = LaunchScreen.storyboard;
			sourceTree = "<group>";
		};
/* End PBXVariantGroup section */

/* Begin XCBuildConfiguration section */
		6BAF134A274B8E8A00B3DBA4 /* Debug */ = {
			isa = XCBuildConfiguration;
			buildSettings = {
				ALWAYS_SEARCH_USER_PATHS = NO;
				CLANG_ANALYZER_NONNULL = YES;
				CLANG_ANALYZER_NUMBER_OBJECT_CONVERSION = YES_AGGRESSIVE;
				CLANG_CXX_LANGUAGE_STANDARD = "gnu++14";
				CLANG_CXX_LIBRARY = "libc++";
				CLANG_ENABLE_MODULES = YES;
				CLANG_ENABLE_OBJC_ARC = YES;
				CLANG_ENABLE_OBJC_WEAK = YES;
				CLANG_WARN_BLOCK_CAPTURE_AUTORELEASING = YES;
				CLANG_WARN_BOOL_CONVERSION = YES;
				CLANG_WARN_COMMA = YES;
				CLANG_WARN_CONSTANT_CONVERSION = YES;
				CLANG_WARN_DEPRECATED_OBJC_IMPLEMENTATIONS = YES;
				CLANG_WARN_DIRECT_OBJC_ISA_USAGE = YES_ERROR;
				CLANG_WARN_DOCUMENTATION_COMMENTS = YES;
				CLANG_WARN_EMPTY_BODY = YES;
				CLANG_WARN_ENUM_CONVERSION = YES;
				CLANG_WARN_INFINITE_RECURSION = YES;
				CLANG_WARN_INT_CONVERSION = YES;
				CLANG_WARN_NON_LITERAL_NULL_CONVERSION = YES;
				CLANG_WARN_OBJC_IMPLICIT_RETAIN_SELF = YES;
				CLANG_WARN_OBJC_LITERAL_CONVERSION = YES;
				CLANG_WARN_OBJC_ROOT_CLASS = YES_ERROR;
				CLANG_WARN_QUOTED_INCLUDE_IN_FRAMEWORK_HEADER = YES;
				CLANG_WARN_RANGE_LOOP_ANALYSIS = YES;
				CLANG_WARN_STRICT_PROTOTYPES = YES;
				CLANG_WARN_SUSPICIOUS_MOVE = YES;
				CLANG_WARN_UNGUARDED_AVAILABILITY = YES_AGGRESSIVE;
				CLANG_WARN_UNREACHABLE_CODE = YES;
				CLANG_WARN__DUPLICATE_METHOD_MATCH = YES;
				COPY_PHASE_STRIP = NO;
				DEBUG_INFORMATION_FORMAT = dwarf;
				ENABLE_STRICT_OBJC_MSGSEND = YES;
				ENABLE_TESTABILITY = YES;
				GCC_C_LANGUAGE_STANDARD = gnu11;
				GCC_DYNAMIC_NO_PIC = NO;
				GCC_NO_COMMON_BLOCKS = YES;
				GCC_OPTIMIZATION_LEVEL = 0;
				GCC_PREPROCESSOR_DEFINITIONS = (
					"DEBUG=1",
					"$(inherited)",
				);
				GCC_WARN_64_TO_32_BIT_CONVERSION = YES;
				GCC_WARN_ABOUT_RETURN_TYPE = YES_ERROR;
				GCC_WARN_UNDECLARED_SELECTOR = YES;
				GCC_WARN_UNINITIALIZED_AUTOS = YES_AGGRESSIVE;
				GCC_WARN_UNUSED_FUNCTION = YES;
				GCC_WARN_UNUSED_VARIABLE = YES;
				IPHONEOS_DEPLOYMENT_TARGET = 14.3;
				MTL_ENABLE_DEBUG_INFO = INCLUDE_SOURCE;
				MTL_FAST_MATH = YES;
				ONLY_ACTIVE_ARCH = YES;
				SDKROOT = iphoneos;
				SWIFT_ACTIVE_COMPILATION_CONDITIONS = DEBUG;
				SWIFT_OPTIMIZATION_LEVEL = "-Onone";
			};
			name = Debug;
		};
		6BAF134B274B8E8A00B3DBA4 /* Release */ = {
			isa = XCBuildConfiguration;
			buildSettings = {
				ALWAYS_SEARCH_USER_PATHS = NO;
				CLANG_ANALYZER_NONNULL = YES;
				CLANG_ANALYZER_NUMBER_OBJECT_CONVERSION = YES_AGGRESSIVE;
				CLANG_CXX_LANGUAGE_STANDARD = "gnu++14";
				CLANG_CXX_LIBRARY = "libc++";
				CLANG_ENABLE_MODULES = YES;
				CLANG_ENABLE_OBJC_ARC = YES;
				CLANG_ENABLE_OBJC_WEAK = YES;
				CLANG_WARN_BLOCK_CAPTURE_AUTORELEASING = YES;
				CLANG_WARN_BOOL_CONVERSION = YES;
				CLANG_WARN_COMMA = YES;
				CLANG_WARN_CONSTANT_CONVERSION = YES;
				CLANG_WARN_DEPRECATED_OBJC_IMPLEMENTATIONS = YES;
				CLANG_WARN_DIRECT_OBJC_ISA_USAGE = YES_ERROR;
				CLANG_WARN_DOCUMENTATION_COMMENTS = YES;
				CLANG_WARN_EMPTY_BODY = YES;
				CLANG_WARN_ENUM_CONVERSION = YES;
				CLANG_WARN_INFINITE_RECURSION = YES;
				CLANG_WARN_INT_CONVERSION = YES;
				CLANG_WARN_NON_LITERAL_NULL_CONVERSION = YES;
				CLANG_WARN_OBJC_IMPLICIT_RETAIN_SELF = YES;
				CLANG_WARN_OBJC_LITERAL_CONVERSION = YES;
				CLANG_WARN_OBJC_ROOT_CLASS = YES_ERROR;
				CLANG_WARN_QUOTED_INCLUDE_IN_FRAMEWORK_HEADER = YES;
				CLANG_WARN_RANGE_LOOP_ANALYSIS = YES;
				CLANG_WARN_STRICT_PROTOTYPES = YES;
				CLANG_WARN_SUSPICIOUS_MOVE = YES;
				CLANG_WARN_UNGUARDED_AVAILABILITY = YES_AGGRESSIVE;
				CLANG_WARN_UNREACHABLE_CODE = YES;
				CLANG_WARN__DUPLICATE_METHOD_MATCH = YES;
				COPY_PHASE_STRIP = NO;
				DEBUG_INFORMATION_FORMAT = "dwarf-with-dsym";
				ENABLE_NS_ASSERTIONS = NO;
				ENABLE_STRICT_OBJC_MSGSEND = YES;
				GCC_C_LANGUAGE_STANDARD = gnu11;
				GCC_NO_COMMON_BLOCKS = YES;
				GCC_WARN_64_TO_32_BIT_CONVERSION = YES;
				GCC_WARN_ABOUT_RETURN_TYPE = YES_ERROR;
				GCC_WARN_UNDECLARED_SELECTOR = YES;
				GCC_WARN_UNINITIALIZED_AUTOS = YES_AGGRESSIVE;
				GCC_WARN_UNUSED_FUNCTION = YES;
				GCC_WARN_UNUSED_VARIABLE = YES;
				IPHONEOS_DEPLOYMENT_TARGET = 14.3;
				MTL_ENABLE_DEBUG_INFO = NO;
				MTL_FAST_MATH = YES;
				SDKROOT = iphoneos;
				SWIFT_COMPILATION_MODE = wholemodule;
				SWIFT_OPTIMIZATION_LEVEL = "-O";
				VALIDATE_PRODUCT = YES;
			};
			name = Release;
		};
		6BAF134D274B8E8A00B3DBA4 /* Debug */ = {
			isa = XCBuildConfiguration;
			buildSettings = {
				ASSETCATALOG_COMPILER_APPICON_NAME = AppIcon;
				ASSETCATALOG_COMPILER_GLOBAL_ACCENT_COLOR_NAME = AccentColor;
				CODE_SIGN_STYLE = Automatic;
				DEVELOPMENT_TEAM = 5JG84WS23Q;
				INFOPLIST_FILE = AbhaySoni/Info.plist;
				LD_RUNPATH_SEARCH_PATHS = (
					"$(inherited)",
					"@executable_path/Frameworks",
				);
				PRODUCT_BUNDLE_IDENTIFIER = bizbrolly.com.AbhaySoni;
				PRODUCT_NAME = "$(TARGET_NAME)";
				SWIFT_VERSION = 5.0;
				TARGETED_DEVICE_FAMILY = "1,2";
			};
			name = Debug;
		};
		6BAF134E274B8E8A00B3DBA4 /* Release */ = {
			isa = XCBuildConfiguration;
			buildSettings = {
				ASSETCATALOG_COMPILER_APPICON_NAME = AppIcon;
				ASSETCATALOG_COMPILER_GLOBAL_ACCENT_COLOR_NAME = AccentColor;
				CODE_SIGN_STYLE = Automatic;
				DEVELOPMENT_TEAM = 5JG84WS23Q;
				INFOPLIST_FILE = AbhaySoni/Info.plist;
				LD_RUNPATH_SEARCH_PATHS = (
					"$(inherited)",
					"@executable_path/Frameworks",
				);
				PRODUCT_BUNDLE_IDENTIFIER = bizbrolly.com.AbhaySoni;
				PRODUCT_NAME = "$(TARGET_NAME)";
				SWIFT_VERSION = 5.0;
				TARGETED_DEVICE_FAMILY = "1,2";
			};
			name = Release;
		};
		6BAF1350274B8E8A00B3DBA4 /* Debug */ = {
			isa = XCBuildConfiguration;
			buildSettings = {
				ALWAYS_EMBED_SWIFT_STANDARD_LIBRARIES = YES;
				BUNDLE_LOADER = "$(TEST_HOST)";
				CODE_SIGN_STYLE = Automatic;
				DEVELOPMENT_TEAM = 5JG84WS23Q;
				INFOPLIST_FILE = AbhaySoniTests/Info.plist;
				IPHONEOS_DEPLOYMENT_TARGET = 14.3;
				LD_RUNPATH_SEARCH_PATHS = (
					"$(inherited)",
					"@executable_path/Frameworks",
					"@loader_path/Frameworks",
				);
				PRODUCT_BUNDLE_IDENTIFIER = bizbrolly.com.AbhaySoniTests;
				PRODUCT_NAME = "$(TARGET_NAME)";
				SWIFT_VERSION = 5.0;
				TARGETED_DEVICE_FAMILY = "1,2";
				TEST_HOST = "$(BUILT_PRODUCTS_DIR)/AbhaySoni.app/AbhaySoni";
			};
			name = Debug;
		};
		6BAF1351274B8E8A00B3DBA4 /* Release */ = {
			isa = XCBuildConfiguration;
			buildSettings = {
				ALWAYS_EMBED_SWIFT_STANDARD_LIBRARIES = YES;
				BUNDLE_LOADER = "$(TEST_HOST)";
				CODE_SIGN_STYLE = Automatic;
				DEVELOPMENT_TEAM = 5JG84WS23Q;
				INFOPLIST_FILE = AbhaySoniTests/Info.plist;
				IPHONEOS_DEPLOYMENT_TARGET = 14.3;
				LD_RUNPATH_SEARCH_PATHS = (
					"$(inherited)",
					"@executable_path/Frameworks",
					"@loader_path/Frameworks",
				);
				PRODUCT_BUNDLE_IDENTIFIER = bizbrolly.com.AbhaySoniTests;
				PRODUCT_NAME = "$(TARGET_NAME)";
				SWIFT_VERSION = 5.0;
				TARGETED_DEVICE_FAMILY = "1,2";
				TEST_HOST = "$(BUILT_PRODUCTS_DIR)/AbhaySoni.app/AbhaySoni";
			};
			name = Release;
		};
		6BAF1353274B8E8A00B3DBA4 /* Debug */ = {
			isa = XCBuildConfiguration;
			buildSettings = {
				ALWAYS_EMBED_SWIFT_STANDARD_LIBRARIES = YES;
				CODE_SIGN_STYLE = Automatic;
				DEVELOPMENT_TEAM = 5JG84WS23Q;
				INFOPLIST_FILE = AbhaySoniUITests/Info.plist;
				LD_RUNPATH_SEARCH_PATHS = (
					"$(inherited)",
					"@executable_path/Frameworks",
					"@loader_path/Frameworks",
				);
				PRODUCT_BUNDLE_IDENTIFIER = bizbrolly.com.AbhaySoniUITests;
				PRODUCT_NAME = "$(TARGET_NAME)";
				SWIFT_VERSION = 5.0;
				TARGETED_DEVICE_FAMILY = "1,2";
				TEST_TARGET_NAME = AbhaySoni;
			};
			name = Debug;
		};
		6BAF1354274B8E8A00B3DBA4 /* Release */ = {
			isa = XCBuildConfiguration;
			buildSettings = {
				ALWAYS_EMBED_SWIFT_STANDARD_LIBRARIES = YES;
				CODE_SIGN_STYLE = Automatic;
				DEVELOPMENT_TEAM = 5JG84WS23Q;
				INFOPLIST_FILE = AbhaySoniUITests/Info.plist;
				LD_RUNPATH_SEARCH_PATHS = (
					"$(inherited)",
					"@executable_path/Frameworks",
					"@loader_path/Frameworks",
				);
				PRODUCT_BUNDLE_IDENTIFIER = bizbrolly.com.AbhaySoniUITests;
				PRODUCT_NAME = "$(TARGET_NAME)";
				SWIFT_VERSION = 5.0;
				TARGETED_DEVICE_FAMILY = "1,2";
				TEST_TARGET_NAME = AbhaySoni;
			};
			name = Release;
		};
/* End XCBuildConfiguration section */

/* Begin XCConfigurationList section */
		6BAF131D274B8E8400B3DBA4 /* Build configuration list for PBXProject "AbhaySoni" */ = {
			isa = XCConfigurationList;
			buildConfigurations = (
				6BAF134A274B8E8A00B3DBA4 /* Debug */,
				6BAF134B274B8E8A00B3DBA4 /* Release */,
			);
			defaultConfigurationIsVisible = 0;
			defaultConfigurationName = Release;
		};
		6BAF134C274B8E8A00B3DBA4 /* Build configuration list for PBXNativeTarget "AbhaySoni" */ = {
			isa = XCConfigurationList;
			buildConfigurations = (
				6BAF134D274B8E8A00B3DBA4 /* Debug */,
				6BAF134E274B8E8A00B3DBA4 /* Release */,
			);
			defaultConfigurationIsVisible = 0;
			defaultConfigurationName = Release;
		};
		6BAF134F274B8E8A00B3DBA4 /* Build configuration list for PBXNativeTarget "AbhaySoniTests" */ = {
			isa = XCConfigurationList;
			buildConfigurations = (
				6BAF1350274B8E8A00B3DBA4 /* Debug */,
				6BAF1351274B8E8A00B3DBA4 /* Release */,
			);
			defaultConfigurationIsVisible = 0;
			defaultConfigurationName = Release;
		};
		6BAF1352274B8E8A00B3DBA4 /* Build configuration list for PBXNativeTarget "AbhaySoniUITests" */ = {
			isa = XCConfigurationList;
			buildConfigurations = (
				6BAF1353274B8E8A00B3DBA4 /* Debug */,
				6BAF1354274B8E8A00B3DBA4 /* Release */,
			);
			defaultConfigurationIsVisible = 0;
			defaultConfigurationName = Release;
		};
/* End XCConfigurationList section */
	};
	rootObject = 6BAF131A274B8E8400B3DBA4 /* Project object */;
}
